version: 1
files:
  lang/en/auth.php:
    failed: d880df04c6d3ab5f26a69b79cd64bf27
    password: 83d93c6b4a7c42d57024165a4fd7a3c6
    throttle: 8f6591625beb10262db1d232fafece03
    actions.dont_have_account: a5f61298da21626d0f490ebd06ecd811
    actions.register: 0ba7583639a274c434bbe6ef797115a4
    actions.already_have_account: 21bdc5689c12595ae14298354d5550d5
    actions.login: 99dea78007133396a7b8ed70578ac6ae
    actions.changed_mind: 37a57e95ccd768633cb76f90e652b5b9
    confirm_password.description: 282d66f1ea32b322ed499e758bf82de6
    confirm_password.actions.submit.label: 70d9be9b139893aa6c69b5e77e614311
    forgot_password.title: 9ec54ec336b65da6179cf750de33ecd7
    forgot_password.description: f3b12a855bd0165a39927057b5eec90c
    forgot_password.actions.submit.label: 9106877b0a27335322395e103a051290
    login.title: 15cb3b43610751d8b2e241abfba63e10
    login.description: 5d83c2159bcd9be5a3af1df2eec0d221
    login.actions.forgot_password.label: 01a569ddc6cf67ddec2a683f0a5f5956
    login.actions.submit.label: bffe9a3c9a7e00ba00a11749e022d911
    register.title: fe1f636b83baeffd7a2ec09518a81ab8
    register.description: 79b83b887cf853e4472ace22583bdec4
    register.terms.label: dc8c1fcec1db1601b26ff97ce09642a9
    register.terms.link.label: 3b6c2b4caaf4f14f8d7feeddc4ac3f4d
    register.terms.and: c19f6440f9045503d42ee3622933e005
    register.terms.link2.label: fa2ead697d9998cbc65c81384e6533d5
    register.actions.submit.label: be11c74c1dd7f307bb80183a90dc2067
    reset_password.title: 6072e83b7f35887c76e64920bd370f4a
    reset_password.description: 53548115e2a72ed8df3bdd819234bc8e
    reset_password.actions.submit.label: 3b5b0f1e26d98a827ef82af202c2e85b
    two_factor_challenge.title: d73ae304cac09dcd637d7e9589600b63
    two_factor_challenge.description.recovery: fe3d52c09ca920c2241551922f81bda3
    two_factor_challenge.description.code: 90845e07db830719fdfc7de5ce277635
    two_factor_challenge.actions.login.recovery: 74e2e33e4fa65523e4a8ae2c1e8634fe
    two_factor_challenge.actions.login.code: 4ad62e417151c0bb48058c1c3a318fcb
    two_factor_challenge.actions.submit.label: bffe9a3c9a7e00ba00a11749e022d911
    verify_email.description: 30afccd4c7cd3194c3f2850c9367d7e8
    verify_email.actions.submit.label: dfdf2f349b19558e6bfb34b9f1793a03
    verify_email.actions.logout.label: b0c2b25b3312c7a32d7aa9d701b6ae1d
  lang/en/common.php:
    monthly: 9030e39f00132d583da4122532e509e9
    yearly: cf5ea7953dc47105e0eb179dbefaaf46
    cancel: ea4788705e6873b424c65e91c2846b19
    apply: 9639e32cab248434a17ab32237cb3b71
    or: e81c4e4f2b7b93b481e13a8553c2ae1b
    active: 4d3d769b812b6faa6b76e1a8abaece2d
    inactive: 3cab03c00dbd11bc3569afa0748013f0
    periods.last-month: 8dce9a09517e227ca7bb21da16be36a2
    periods.last-3-months: 3a4aa14653e662595d3609c7296b288a
    periods.last-6-months: c4d0ea932eaf761be13eceb3175a485b
    periods.last-year: f39badf6368ffff141d51c39f45a09d9
    periods.all-time: 85fb1a46f605ba9e7738df38315e6513
  lang/en/home.php:
    sections.hero.title: 851e524ab6702d2603c94c5103e99439
    sections.hero.description: 5e7be62ffc7a261f2211dd534e41406d
    sections.hero.contact_us: 02d4482d332e1aef3437cd61c9bcc624
    sections.hero.get_started: 54f742623dc735530ef5c2d581f34130
    sections.image_and_text.title: 6b20f214468640bf73f6642a0456ff3e
    sections.image_and_text.steps.1.title: 38ed9750831df42c33908d73a4d2abed
    sections.image_and_text.steps.1.description: e40fb25c6257c47e2fea4320dd0dd9fe
    sections.image_and_text.steps.2.title: 011ab05be31d63842ad3e33d9c2d1ce6
    sections.image_and_text.steps.2.description: fdbecce06c8bfee62ca58003c12f93aa
    sections.image_and_text.steps.3.title: 101be6437959fe6a46c8c3f668c2f661
    sections.image_and_text.steps.3.description: cc38ffdef9bfbaa13d532f4ea3ee91a9
    sections.image_and_text.steps.4.title: 6333ad11ffc081c9955147ba23b4fc04
    sections.image_and_text.steps.4.description: d9e8d6bbeb5fb7b2b55f60dd260bedc9
    sections.image_and_text.steps.5.title: dd84fbf566345dd8b78d99fde0c88ba2
    sections.image_and_text.steps.5.description: 8591ec01a27142379852b3deda2a55c1
    sections.image_and_text.balance_step.title: e0cb6250f3eb65bd45a034bc505123ef
    sections.image_and_text.balance_step.description: 428e46527eea7403cf4881af17f59c9a
    sections.feature.title: 5206c98dce3adec93a8f0eed55afb201
    sections.feature.description: 313fb1a1893907b3a4c9823b6ecc1641
    sections.pricing.title: 185877b46bf79849e937de72ef2d1c9a
    sections.pricing.description: 5a880150604f1e2a804f780200f79785
    sections.pricing.coming_soon: 713cbd93b2ba47b4561b53a841624b51
    sections.pricing.plans.free.title: ee6085db6c9b85f45fd9b9b31b020f8d
    sections.pricing.plans.free.description: de6b11f3c495e01af66ad72818f8ee68
    sections.pricing.plans.free.features: 0d77f03bbb2b4c38a8e290801a2a6ca4
    sections.pricing.plans.free.button_label: 54f742623dc735530ef5c2d581f34130
    sections.pricing.plans.personal.title: 184daff620aca4ad23fd2bf70d0b76af
    sections.pricing.plans.personal.description: 54f4e96d43097bbdfb4189522175315e
    sections.pricing.plans.personal.features: 00d1f7e89b685f643d760717d2834670
    sections.pricing.plans.personal.button_label: dfa592421ec2584a960f077610eb19bd
    sections.pricing.plans.lifetime.title: 1a10be3692cec335c74387f33221a6fa
    sections.pricing.plans.lifetime.description: 231310d537335eaa2862015d5ae3119d
    sections.pricing.plans.lifetime.features: ba0d964f096a2b4a8b7373540735d76d
    sections.pricing.plans.lifetime.button_label: 8a4a8a2660620fd6c1b7b5a85bfbca34
    sections.call_to_action.title: 3744153c0f7a426bb0d9326a5c03684f
    sections.call_to_action.description: f09cfc77cd870d6cf44702a192ee48de
    sections.call_to_action.button_label: 256b3a00717defddea38d6c92c9af9d2
  lang/en/pagination.php:
    previous: 33bf3743bc6c91630f96c31e472c558b
    next: 11b663a34cbd5959d6d143ac11ae7062
  lang/en/passwords.php:
    reset: 38dca74635b7fd02e312b874b86e8bad
    sent: 88919c9de7d0b01b27cb2f7e448f8fd8
    throttled: f0f1861492fd2bb78ff86e6970ca187a
    token: 8f7c88e641452fd64d4160cf84877453
    user: 8a0d3fea7568491858a94dfaf7a5a887
    incorrect: 5d6a78f37b0d4828209cd7f986e789b7
  lang/en/validation.php:
    accepted: fb2c462a18dcfec11f838cd00143e4e7
    accepted_if: 3d2961dbc89b62f75a61cc8cf7720635
    active_url: 104f5e00091c4d47b832fc1a09a53304
    after: 8925c9795b7e7fdbf628098455b49182
    after_or_equal: 95f1f5e703dcc3cc4f32e367762a4eaa
    alpha: d9624da16b2c00fc369e20f08eead53d
    alpha_dash: 95d79b3aec3677c27a79a47239ee0cc7
    alpha_num: 4cd9669b5ec0ec837e801dc5f010de32
    array: 467f75ee7a9ceb932ae5820cf4da730d
    ascii: 1f772b8184e143239672f36aabb96803
    before: f06096e8869b123903312458b1761222
    before_or_equal: b1332a0592b5d9d7be1ae54b1436bc4e
    between.array: 2a7138f4ca1140c76cbaef4247e7e2fb
    between.file: 62a0fa5f04926db51fa2fc86e67862e1
    between.numeric: 06d17c99ecf9bd20b0a17adcf20f2080
    between.string: 20f86324abc678ac8c4045450a61e200
    boolean: a374a5eab9e9dc4a76eb54afff825e2d
    can: f0becfd45a5a95bba9bf09efdcf55d52
    confirmed: 8daac9a18b7626662bedab4395e1fd2b
    contains: cad51a08cf01b923f7ffd0ae95fedbf5
    current_password: 5d6a78f37b0d4828209cd7f986e789b7
    date: a25fa8527d2bb6f4092bd41ff50381fd
    date_equals: 5bbbc8bfb21c7741b77b684ae42c760f
    date_format: 4096d54a8741e472b6b054d4010f1a7a
    decimal: d723c11c4f58d20a16f7c1eb90dff574
    declined: 73018147a6ee47277b4a3a75419f27c2
    declined_if: 74d8dece2d368a202a1b04dbbacc9b5d
    different: e0c8694d6e30e6703bfeaf6494ffc370
    digits: cd90db784515a8d0309292c86b2fe7ce
    digits_between: 836206896f3635c2313a5307a89f4a59
    dimensions: aa4267939ca804bed0ed6fd4d2542b1c
    distinct: ce7e3afca33181ecb71ae37e75bb9985
    doesnt_end_with: 3285b1e43ad96b170a70a1abc664e35f
    doesnt_start_with: 8b0a90b76578081b552067bb87fd62ee
    email: e55e7d22c619c61af844dc921b1a1096
    ends_with: 40f58bf9eb332c5bf47e97bce867c1f4
    enum: c63e30e53345ee86c0d83cda1a318f47
    exists: c63e30e53345ee86c0d83cda1a318f47
    extensions: 444b0a848eeabfe1ee52209f5472a357
    file: 7de5fd57eb60bf28b0457d7e5ccc013a
    filled: bb31cfb7d7779a5e718be3f80990d4c0
    gt.array: 96a09c515ae54636ac63864e46d82bea
    gt.file: a6334d695a5937d8429b6e00698c37ce
    gt.numeric: 0eafa6e8da9cfcb0526f08c1f0eac1eb
    gt.string: e44a24c65e552e1c977de41a3408e082
    gte.array: 153f369ba15b30c2e0cc210e0d235626
    gte.file: 31732bf7f50f0cc79d1488c80816ef33
    gte.numeric: 429029e413103f54d6810ec3ff077068
    gte.string: b07b0886c050c7eb61868e290eb81a70
    hex_color: cb01126c1649081ba41128d973d9717b
    image: 07e7639bd65b21001860032940029b58
    in: c63e30e53345ee86c0d83cda1a318f47
    in_array: 256a0f32994ed17b215541a848a7d9eb
    integer: 346ccba042dfae6203f236e576d9f3e4
    ip: 7f48adff918c79bae69889879db369b9
    ipv4: c3fd38e75e118570600c03317d810d79
    ipv6: a0e62392ed66592a1864046b21bf2492
    json: b62e0e0d62df566743e0a706562d4784
    list: e74aad05eb3edc77db1d25c8f76c192f
    lowercase: 031b8f15df783f77e84a2389b0891a40
    lt.array: 7e6b6847d3798ed40cf785384b86ed14
    lt.file: 345f5a98a21f206aeccce12cf2f112ab
    lt.numeric: f2649858c1eee24870a8609655c92dfe
    lt.string: fb97b38c8fb94fe36cb6289f04f49df8
    lte.array: 4d67d2d8abc9ce34d3c8706651fc5c9c
    lte.file: d6b50da3e5d7ad7315ee42e834c8661c
    lte.numeric: 0c560e8d6a348c7dcc69318eed8ce034
    lte.string: d69996e235e5cd4f2d630edc1c80ceaf
    mac_address: 675612f2eb83097dcfde22d1b113d09c
    max.array: 9890fa3d28284df05c6f2adade9dc1e2
    max.file: 69f9d9eb1ccc8254f230a6c585ea3d27
    max.numeric: 846b5ce212402a43b61d8041e185a95e
    max.string: e1f7d5251e964c09897a0cbbc76d0c8a
    max_digits: df9e0ba845b2a20b192d7418eb00ccfa
    mimes: 3ea28141efaf53aa37ee40f69b4499ec
    mimetypes: 3ea28141efaf53aa37ee40f69b4499ec
    min.array: b585bc3c18c32cb20c4ccf9eb54aed47
    min.file: 6f559c8d682f4b57ed312fc57dc938e4
    min.numeric: 44688c1381ed450516c457b751893561
    min.string: 63100a8d6993c375f7eb9c558aadb058
    min_digits: 85333d661b32dff521d2a0d574595822
    missing: 4cf08ffbd0638464b463400325bc4b88
    missing_if: db4ef08fbc715c6f803cd5ce10580555
    missing_unless: 4df9d99120ccf94d7f9313695b26216f
    missing_with: c682d88406e64b3216e67103812e53b8
    missing_with_all: 23583b5feb01c84c81a7e0d5d461f1f5
    multiple_of: e298b3a3068ddf217f05fb190f180edc
    not_in: c63e30e53345ee86c0d83cda1a318f47
    not_regex: 110edba0bf0550540ca8ba5cd806da06
    numeric: 87f6e0d74130ea1e5825b5bdb2d6249a
    password.letters: ec3278a855ed2f4580ccc73a1fe18119
    password.mixed: 83ef3cd35f08e9cbcbf8dff66422569f
    password.numbers: af0492b047471de662e83441d125b76a
    password.symbols: 60ae1f79c533f243a1e4075f50845f94
    password.uncompromised: 6efa6d91ba851258d26974d23517328b
    present: a6f4daaf5bd194f501df5426bb9478ba
    present_if: 62ec03ef3e70204a9af6c03f25616e62
    present_unless: 68017e07a2be0fe1ae609fd8794c5804
    present_with: abc226cd947d398cbbf8dff65d494f9f
    present_with_all: 89d500e286dd4226802798294617fb84
    prohibited: 5fba5440f793a7f81108d469877a99d2
    prohibited_if: 2d15bcd2cca4986507da68d8f8b36e5a
    prohibited_unless: b40cc752c52e654953f7df0bbe859a28
    prohibits: 0b326f2e1553851aee9fc72c86f8fec3
    regex: 110edba0bf0550540ca8ba5cd806da06
    required: 04445e2148a0e1fc14036620ba3b3318
    required_array_keys: ba4d9b24e144f0a4f66deeac307a8353
    required_if: 938b83fe11b8b3afa4b8279f231931b5
    required_if_accepted: b6645c37e627b811a0aa6ae74a74c693
    required_if_declined: de9bf28a11d59e7f557399f9da9440b7
    required_unless: 4f709696b2dcd2042fb56e362e4a6ad0
    required_with: 168aaf78c2ccb57e9d8ee3b414a4fa7b
    required_with_all: d97fa1f51a16c225156d79b66aab7dab
    required_without: ccb048d72da61ca861b7d383c8f170da
    required_without_all: f3d91168e41d394b2a7f77f1154bbede
    same: e3b69ac3524075231891149dbf66d7b5
    size.array: f37ae16ce7b3143e70df1a210a23062c
    size.file: bd98c7ee8517e6533c9c8c0b94da8f77
    size.numeric: 49a212a6f46d6477e723451e86f1d1b2
    size.string: bbbac76487d99e4cdb183911b7e0166c
    starts_with: 25fef0117f2f067bdab2d9b2f68896fb
    string: 7451015e123fdfa0949e2c3f112cca09
    timezone: 528dc5e9e7e221267b0a05c11f5ed5d7
    unique: 1c3a15a5b2a773616c792a0c55af6225
    uploaded: a7751139ced3c8472e39bd7df44f432b
    uppercase: 0a784860d41621d0b7f7f81e07029f91
    url: 104f5e00091c4d47b832fc1a09a53304
    ulid: 4c5b540775afdce1cbdee2102bc7d28c
    uuid: f5d1315f71c752ab44012304bcf016da
    custom.attribute-name.rule-name: 188d89635249211d1f16c358852d3b2f
  lang/en/login.php:
    title: 15cb3b43610751d8b2e241abfba63e10
    description: 5d83c2159bcd9be5a3af1df2eec0d221
    forgot_password.label: 01a569ddc6cf67ddec2a683f0a5f5956
    submit.label: bffe9a3c9a7e00ba00a11749e022d911
  lang/en/form.php:
    fields.email.label: ce8ae9da5b7cd6c3df2929543a9af92d
    fields.email.placeholder: 8fb55f02608a8562905dc0f87d2c5977
    fields.password.label: dc647eb65e6711e155375218212b3964
    fields.password.placeholder: e8d28194f9b3498d21fbda21321d0226
    fields.remember.label: 878530871f0db73f004f5bd6591eeb76
    fields.name.label: 49ee3087348e8d44e1feda1917443987
    fields.name.placeholder: d29d6b1a47d1fec49ae2228edd28eaa6
    fields.new_password.label: 3544848f820b9d94a3f3871a382cf138
    fields.new_password.placeholder: 43a5dac9a2a84d2f02d3445c524f9d2c
    fields.new_password.hint: 10142a34184b526b68fd897d381fae40
    fields.confirm_password.label: 4c231e0da3eaaa6a9752174f7f9cfb31
    fields.confirm_password.placeholder: 65f13145802f7e6f8f02c1d7d3afc32d
    fields.initial_balance.label: 3952bc855a33594bd0371fa31580e0ef
    fields.initial_balance.placeholder: 4571457f2443b28ab9d2cea5c0d4bdf4
    fields.available_balance.label: 16ad069644e4d2beb3a554007a0ebf7d
    fields.available_balance.placeholder: 4571457f2443b28ab9d2cea5c0d4bdf4
    fields.minimum_payment.label: f7b2f13820aabb7248ce58177b279305
    fields.minimum_payment.placeholder: 4571457f2443b28ab9d2cea5c0d4bdf4
    fields.apr.label: 400b07623925470b21ca55c3ce9913f4
    fields.apr.placeholder: d3d9446802a44259755d38e6d163e820
    fields.expires_at.label: 8d7f12bd0dc53389421144669ff4ee63
    fields.expires_at.placeholder: 64de260a0ad2c3d96dece47bb581b78e
    fields.annual_fee.label: 0d7d715d6bbc03a995a45d105a1797f6
    fields.annual_fee.placeholder: 4571457f2443b28ab9d2cea5c0d4bdf4
    fields.interest_rate.label: 7dfa44aee8e21e5967e2fde5a6b0cfa8
    fields.interest_rate.placeholder: 4571457f2443b28ab9d2cea5c0d4bdf4
    fields.interest_rate_type.label: c4f728963b6642da147d9753843ba035
    fields.interest_rate_type.placeholder: 131e62456d58b26683580f4f2ac12c93
    fields.term_months.label: a92ac988e36fc291cfc32fbf6243583f
    fields.term_months.placeholder: 642e92efb79421734881b53e1e1b18b6
    fields.recovery_code.label: b13ef50aebd7b461d84e260cc6fad5a1
    fields.code.label: ca0dbad92a874b2f69b549293387925e
  lang/en/socialstream.php:
    continue_with: 97917fc183d9fe574ce5e9351ec9c532
  lang/en/register.php:
    title: fe1f636b83baeffd7a2ec09518a81ab8
    description: 79b83b887cf853e4472ace22583bdec4
    terms.label: dc8c1fcec1db1601b26ff97ce09642a9
    terms.link.label: 3b6c2b4caaf4f14f8d7feeddc4ac3f4d
    terms.and: c19f6440f9045503d42ee3622933e005
    terms.link2.label: fa2ead697d9998cbc65c81384e6533d5
    actions.submit.label: be11c74c1dd7f307bb80183a90dc2067
  lang/en/enum.php:
    category.classification.income: 1f08d08fd864b99cbeebd88b9a0784a7
    category.classification.expense: 7bf48cb939975c27a0d9cfa99c6f3461
    category.classification.transfer: 6950810f0d2bba97a6f710c7b965b84e
    category.classification.savings: ab0da0e987457927aebb5111d5d32c12
    category.classification.other: 6311ae17c1ee52b36e68aaf4ad066387
    transaction.type.income: 1f08d08fd864b99cbeebd88b9a0784a7
    transaction.type.expense: 7bf48cb939975c27a0d9cfa99c6f3461
    transaction.type.transfer: 6950810f0d2bba97a6f710c7b965b84e
  lang/en/account.php:
    type.depository: 24454064685465183cc6492ca196a5ba
    type.investment: b7380bf31920c1bb03ff97198a95bde8
    type.crypto: 79ad4e0522a0a67a6e196be52357e60b
    type.credit_card: 73a61696f100b3858511e212a3feea6b
    type.loan: 9ad81a8f8a5c7a6ce9e1ba9bb4759391
    type.other_asset: 51b5ff3213e0f50897c1aa3aed586365
    type.other_liability: 84535bd64202709d38e235620b495a3e
    form.name.label: 49ee3087348e8d44e1feda1917443987
    form.name.placeholder: 1d8a73a53703905f53905f4302d3eaf8
    form.description.label: b5a7adde1af5c87d7fd797b6245c2a39
    form.description.placeholder: 926d7f903891cbc944f11890c95dc995
    form.description.hint: 36df7911c1f920049684ce0042cc070e
    form.description.labelSub: d9e6f34474be555a43262cfc6e2c1a8f
    form.type.label: a1fa27779242b4902f7ae3bdd5c6d508
    form.type.placeholder: 6cb57689f4bb0029f26938bdcd44c99f
    form.subtype.label: 071b8782129749bf39aad727ecb26d79
    form.subtype.labelSub: d9e6f34474be555a43262cfc6e2c1a8f
    form.subtype.placeholder: 7a2acce088240f59bc0d3099b392c8c2
    form.initial_balance.label: 3952bc855a33594bd0371fa31580e0ef
    form.initial_balance.placeholder: 4571457f2443b28ab9d2cea5c0d4bdf4
    form.available_balance.label: 16ad069644e4d2beb3a554007a0ebf7d
    form.available_balance.placeholder: 4571457f2443b28ab9d2cea5c0d4bdf4
    form.minimum_payment.label: f7b2f13820aabb7248ce58177b279305
    form.minimum_payment.placeholder: 4571457f2443b28ab9d2cea5c0d4bdf4
    form.apr.label: 400b07623925470b21ca55c3ce9913f4
    form.apr.placeholder: d3d9446802a44259755d38e6d163e820
    form.expires_at.label: 8d7f12bd0dc53389421144669ff4ee63
    form.expires_at.labelSub: d9e6f34474be555a43262cfc6e2c1a8f
    form.expires_at.placeholder: 64de260a0ad2c3d96dece47bb581b78e
    form.annual_fee.label: 0d7d715d6bbc03a995a45d105a1797f6
    form.annual_fee.placeholder: 4571457f2443b28ab9d2cea5c0d4bdf4
    form.interest_rate.label: 7dfa44aee8e21e5967e2fde5a6b0cfa8
    form.interest_rate.placeholder: 4571457f2443b28ab9d2cea5c0d4bdf4
    form.interest_rate_type.label: c4f728963b6642da147d9753843ba035
    form.interest_rate_type.placeholder: 131e62456d58b26683580f4f2ac12c93
    form.term_months.label: a92ac988e36fc291cfc32fbf6243583f
    form.term_months.placeholder: 642e92efb79421734881b53e1e1b18b6
    create.title: 739405e73cc9f2e323506440d0883734
    create.information: a82be0f551b8708bc08eb33cd9ded0cf
    create.details: 3ec365dd533ddb7ef3d1c111186ce872
    create.balance: 99a808d8d16122d70e44bd7f709d30fb
    create.currency: 386c339d37e737a436499d423a77df0c
    create.discard: d94b42030b9785fd754d5c1754961269
    create.submit: 42369faa6a6b243aac58683f3874bf99
    create.submit_loading: 29dfe0f071ce461d8f9d671d1864351b
  lang/en/dashboard.php:
    description: feef71f198fc7c8954357c0ffcd33c9c
    seo.title: 2938c7f7e560ed972f8a4f68e80ff834
    seo.description: feef71f198fc7c8954357c0ffcd33c9c
    actions.createTransaction: 33d8f4cb086666ec43197876e39c6874
  lang/en/pages.php:
    pricing.title: e22ac25b066b201473de7aa700ef5d92
    pricing.description: 9df5b666a722a17417d848016321954f
    changelog.title: c49182dc0c7a70b9cd2e10853d9ec6c7
    changelog.description: a708871827a4fd47d2bbf83ec00660ec
    accounts.title: 9b945efebb006547a94415eadaa12921
    accounts.description: 83d422fa0e0a4688f058722a17ac2c7d
    accounts.actions.createAccount: 42369faa6a6b243aac58683f3874bf99
    accounts.noAccounts.title: 8f810166042264eae0efa02e324012ed
    accounts.noAccounts.description: da11e1c1f89544969ce3f2ccad8e7dfd
    accounts.detailsDrawer.title: 3771bf858c98d52dbc5d250dd1f4e72f
    accounts.detailsDrawer.actions.seeAllTransactions: 6e4af4b20939a2d46041d12c3d75dc8a
    accounts.detailsDrawer.actions.deleteAccount: e6e049c44a797fda2a175d07df838e49
  lang/en/pricing.php:
    simple_pricing: 8a114627a3b13e5fc4a75258cd1e53ff
    interval_label: 9ff27706bb71711200111b2df4ad63ca
    suffix.monthly: e7aa5e6c37f5cabbb96b721ff5a15a28
    suffix.yearly: 4d56d140f0f2f175783f3bc2ebe4c66b
    personal.target_audience: 3a0f8b453193c54878ef1a3583a609eb
    personal.title: 184daff620aca4ad23fd2bf70d0b76af
    personal.description: 198c3aa8f7016fc58998954e9c7cd2ce
    personal.features: 17298fff348982623800106763a79142
    personal.button_label: be11c74c1dd7f307bb80183a90dc2067
    business.target_audience: 8d80b2cd7bb66616acd9b5a382ece66f
    business.title: d6e6cb19e3b9c02f89d6cd54cfa7c613
    business.description: 6053928e2386b750c020ee971e7eebee
    business.features: 4d73d5b6033fb49be780d6d3dffb08dc
    business.button_label: be11c74c1dd7f307bb80183a90dc2067
    enterprise.target_audience: cc0f6fbe4a2875f48682398fdb21a821
    enterprise.title: a0f27638260642afb474516cc918407e
    enterprise.description: f79e9260eb8e96844394c97fb42e7f63
    enterprise.custom_price: 90589c47f06eb971d548591f23c285af
    enterprise.features: 87f1cbd80daacbf43a8cab3a3f775f22
    enterprise.button_label: 0fb8dd59a0bef75c0f2ec966582f227b
    categories.connectivity-integrations.title: 3850ef8e231307b3e60e9846ceab71db
    categories.connectivity-integrations.features.accounts: 9b945efebb006547a94415eadaa12921
    categories.connectivity-integrations.features.bank-account-connections: 6765d25649b70b0d81fac298f58965cd
    categories.connectivity-integrations.features.automated-receipt-data-extraction: 7bbc113a6501f2c1ac6d4544681d8bd5
    categories.connectivity-integrations.features.developer-api-access: 2495b5015b119a54d9a03b46cc2843ee
    categories.comprehensive-tracking-management.title: 39257a6690698b64b948899ef16ac44b
    categories.comprehensive-tracking-management.features.unlimited-expense-income-entries: c0b913dceebdf9b1a600ca923e8d37f2
    categories.comprehensive-tracking-management.features.robust-budget-creation-tracking: 4828ae122e8e59035562726a607af31e
    categories.comprehensive-tracking-management.features.effortless-investment-monitoring: c9b77930e7eac932bda13d2ae2577c3d
    categories.comprehensive-tracking-management.features.complete-asset-management: 3213ddd14f99df991408371fe6c8a9ac
    categories.comprehensive-tracking-management.features.smart-categorization-flexible-tagging: d720af07f617001011c55967365f1215
    categories.comprehensive-tracking-management.features.automated-recurring-transactions: 7b7e434139bd22bf269f6529fb377aec
    categories.comprehensive-tracking-management.features.multiple-currency-support: 2ab001ff3814d48eb7a27c4730e1c6f7
    categories.data-insights.title: 2e8363bd75f025b66118a8bf4413194b
    categories.data-insights.features.interactive-analytics-dashboards: f275714c625da602e1fe280bd153b1f8
    categories.data-insights.features.advanced-financial-reporting: fc88ced2625eb2bc6d5fe363f3914a67
    categories.data-insights.features.custom-report-generation: 1d48d0944eeaef57c19b5a06ba9e7b28
    categories.organization-accessibility.title: 41633c4aba7d697a986f8f812c84d5bb
    categories.organization-accessibility.features.manage-unlimited-financial-accounts: a33574f4cb85e62509a24ae7f259d5f7
    categories.organization-accessibility.features.powerful-search-filtering-custom-views: a5ca6923d5699c0542ddef0d54ae7221
    categories.organization-accessibility.features.secure-cross-device-sync: d5a6b165e9a87ef11d8aeb9fab2da846
    categories.organization-accessibility.features.receipt-document-storage: 8064e50ab9d482b45136b95f4d778bef
    categories.team-collaboration.title: 0f35a59a61a3e80f682f40471b75c813
    categories.team-collaboration.features.dedicated-collaborative-workspaces: 127c3f84633ddeada070c0816c99aaf7
    categories.team-collaboration.features.included-user-seats: dfd5c8b6f68575b8b079680f7ca97fa1
    categories.security-enterprise-features.title: fa34a33b1ff6d67162bbc1c4b3597f5b
    categories.security-enterprise-features.features.robust-security-features: b416ac4cd85e03f8e5557d45afd7ab9d
    categories.security-enterprise-features.features.sso-authentication-support: 83810e9c4fc3ae7240c5b9f523287c96
    categories.security-enterprise-features.features.sla: 4df7ec4e294d20e4ef543919fd7dd222
    categories.support-service.title: cb982d60bfb60299619c4c655655099d
    categories.support-service.features.comprehensive-help-center-community-access: 02c085d2ebc9de43ec3c1d0ec19c8053
    categories.support-service.features.dedicated-email-support: 099bf7a5406cbfe58b98a1df861fc189
    categories.support-service.features.dedicated-account-manager: 7490490d9384ddc15a18f740bdff6741
    categories.billing-options.title: d5fe8c1820a49ce1a1c7ba871a52e947
    categories.billing-options.features.monthly-billing: 82d480985f9abc274dfa0e6e3824b06e
    categories.billing-options.features.annual-billing-discount: 52fb0133fa8b5a51e0bd198ce16d44ad
    categories.billing-options.features.credit-card-payment: b27fa2c9836b0e0aca9dd6e1a27ac044
    categories.billing-options.features.bank-transfer-payment-option: db6a9021c7dc16d36b630ea494870934
  lang/en/changelog.php:
    filament.image: be53a0541a6d36f6ecb879fa2c584b08
    filament.title: b78a3223503896721cca1303f776159b
    filament.slug: 0c908588520b3ef787bce443fc2b507c
    filament.excerpt: 6ca8bf4766b9dc7b1ea8b69562faac3f
    filament.content: f15c1cae7882448b3fb0404682e17e61
    filament.published_at: 546c5d32ef08b819e70aa83d14352e44
    filament.created_at: 5f2b9345f9bbd74079b99d6fcf461408
    filament.updated_at: 2828427deab693d31b81c2dd7189d73e
    filament.published_from: 479971f60925427352e324915e5842fb
    filament.published_until: f1fc1ef2d157cec9f37c75d2363c6a4e
    filament.model_label: c49182dc0c7a70b9cd2e10853d9ec6c7
    filament.plural_model_label: 64512d3a39c4a8069f06998f2e63fd64
  lang/en/errors.php:
    403.title: 862ccdb877441b4a22a3b785150e6676
    403.description: a244078081edcc28d3b3e8548d143413
    404.title: 7ff35c1315ed83a92abb54664f837ea3
    404.description: c77bd40403c498fb05318114322dc552
    500.title: 583b73f4aadf91bd057bc7063647ad62
    500.description: ab52d8783158fd97540c69266bc09f6c
    503.title: b4458e26471db3f874f8d2010a14f7bb
    503.description: ff349584817a3072b2ccf447c36e2082
  lang/en/accounts.php:
    type.depository: 24454064685465183cc6492ca196a5ba
    type.investment: b7380bf31920c1bb03ff97198a95bde8
    type.crypto: 79ad4e0522a0a67a6e196be52357e60b
    type.credit_card: 73a61696f100b3858511e212a3feea6b
    type.loan: 9ad81a8f8a5c7a6ce9e1ba9bb4759391
    type.other_asset: 51b5ff3213e0f50897c1aa3aed586365
    type.other_liability: 84535bd64202709d38e235620b495a3e
    form.name.label: 49ee3087348e8d44e1feda1917443987
    form.name.placeholder: 1d8a73a53703905f53905f4302d3eaf8
    form.description.label: b5a7adde1af5c87d7fd797b6245c2a39
    form.description.placeholder: 926d7f903891cbc944f11890c95dc995
    form.description.hint: 36df7911c1f920049684ce0042cc070e
    form.description.labelSub: d9e6f34474be555a43262cfc6e2c1a8f
    form.type.label: a1fa27779242b4902f7ae3bdd5c6d508
    form.type.placeholder: 6cb57689f4bb0029f26938bdcd44c99f
    form.subtype.label: 071b8782129749bf39aad727ecb26d79
    form.subtype.labelSub: d9e6f34474be555a43262cfc6e2c1a8f
    form.subtype.placeholder: 7a2acce088240f59bc0d3099b392c8c2
    form.initial_balance.label: 3952bc855a33594bd0371fa31580e0ef
    form.initial_balance.placeholder: 4571457f2443b28ab9d2cea5c0d4bdf4
    form.available_balance.label: 16ad069644e4d2beb3a554007a0ebf7d
    form.available_balance.placeholder: 4571457f2443b28ab9d2cea5c0d4bdf4
    form.minimum_payment.label: f7b2f13820aabb7248ce58177b279305
    form.minimum_payment.placeholder: 4571457f2443b28ab9d2cea5c0d4bdf4
    form.apr.label: 400b07623925470b21ca55c3ce9913f4
    form.apr.placeholder: d3d9446802a44259755d38e6d163e820
    form.expires_at.label: 8d7f12bd0dc53389421144669ff4ee63
    form.expires_at.labelSub: d9e6f34474be555a43262cfc6e2c1a8f
    form.expires_at.placeholder: 64de260a0ad2c3d96dece47bb581b78e
    form.annual_fee.label: 0d7d715d6bbc03a995a45d105a1797f6
    form.annual_fee.placeholder: 4571457f2443b28ab9d2cea5c0d4bdf4
    form.interest_rate.label: 7dfa44aee8e21e5967e2fde5a6b0cfa8
    form.interest_rate.placeholder: 4571457f2443b28ab9d2cea5c0d4bdf4
    form.interest_rate_type.label: c4f728963b6642da147d9753843ba035
    form.interest_rate_type.placeholder: 131e62456d58b26683580f4f2ac12c93
    form.term_months.label: a92ac988e36fc291cfc32fbf6243583f
    form.term_months.placeholder: 642e92efb79421734881b53e1e1b18b6
    create.title: 739405e73cc9f2e323506440d0883734
    create.information: a82be0f551b8708bc08eb33cd9ded0cf
    create.details: 3ec365dd533ddb7ef3d1c111186ce872
    create.balance: 99a808d8d16122d70e44bd7f709d30fb
    create.currency: 386c339d37e737a436499d423a77df0c
    create.discard: d94b42030b9785fd754d5c1754961269
    create.submit: 42369faa6a6b243aac58683f3874bf99
    create.submit_loading: 29dfe0f071ce461d8f9d671d1864351b
    created.success: 2f762114286754e74aaf62ca5bc58dfe
    deleted.success: a710fe9e787e38c5db9fda7b0e78bc20
  lang/en/categories.php:
    salary.name: b083a446a3588547410dbd6c571c2a09
    salary.description: 011640a025c23124b8a4a8b71981693a
    investments.name: 58b5a31d0fe1c8f8bb513b2d78aed40d
    investments.description: 36140af4bb0165a431c7db73397cfb1b
    freelance.name: 0f28fe833d21018c7707e5680392c068
    freelance.description: 564da42ce4a7bc69ec9873351d0daa8a
    gifts.name: 67204426ac9de2ade3533836fe933da8
    gifts.description: ec139aed4eb33b47ce1a39b8599bab59
    refunds.name: 53beb26d8bca00f56fbd295fdee83459
    refunds.description: 17b3e766996e28e5764f4d8955b04395
    rental-income.name: b30008b0d6207e7c6b3cfc8de12bf45c
    rental-income.description: 30e1bc1cda360c2051d79a74f81d681e
    royalties.name: 3026f758aeee417e9672d6f1381b267c
    royalties.description: f226d23f8dcd89ddafc1ffc9598b234d
    cashback.name: 08dd733c4d7ded9053f7223efdad6512
    cashback.description: e4d2d28025e3cb75963cf50ee166b638
    housing.name: 6214b425ac6d1ce4c7246d4f40f95bf5
    housing.description: ffa59284c7008033ad0268b46e9b6993
    mortgage.name: 59fc519256027c0b90a627d1688c0975
    mortgage.description: ab96f314fcd793fadd4022d6f441303a
    repairs.name: 810a4b9ea5b95b1832b1ccd997c98236
    repairs.description: fd1f8a1db53ae92553d790d2a7ff21f1
    transportation.name: a600971fdd23ea1f5685d7ee01d5f5c3
    transportation.description: 80faa0454390824e07dd1955ebf7d51f
    groceries.name: 7c3765bf72361083d820071fb21308a9
    groceries.description: 15a8fb79b085957af71eb37b60fc0009
    dining.name: fc7a8a928be9e770fa84833b7c43853c
    dining.description: 657d41ad5077eb5e0c30481fc6659679
    utilities.name: ceba282b7418b7f199798b645e1cba56
    utilities.description: 8a56ffd6e7f48911d62ef4e94d1143a8
    healthcare.name: 4ee2a6c7bb7c40af94c5a15dbf7eb673
    healthcare.description: fbd0669988f65d1c514b131b01040dd7
    entertainment.name: 336fdcf7d540e4b430a890b63da159c9
    entertainment.description: afeefcbb520eb8bd8a5050c6a791f2a5
    clothing.name: efe0bd2c212eceec598c42a15b8cd07f
    clothing.description: dde7721740e53df157f5d2fa14035c24
    electronics.name: ee3c6e8ed9c27c45f161ea416c997df8
    electronics.description: 963f8aecbb7e253ec0b482549e97a058
    home-services.name: c0f92cccf2954dc942fccbebe9582a48
    home-services.description: f7661c97e87ee00a212b9fa2f1c5de37
    insurance.name: eaff1bdf24fcffe0e14e29a1bff51a12
    insurance.description: 5120d1afa3e421f660e6ab80b51f5a22
    taxes.name: 719fec04166d6fa75f89cd29ad61fa8c
    taxes.description: 6fd68274430270969f4607e22cfbbbc9
    subscriptions.name: 4ca2c509994c2776d0880357b4e8e5be
    subscriptions.description: 06a2ecff406216c41baf490dd69f3c9f
    child-care.name: d3f5d44ce500fbd7968f05d7e2952854
    child-care.description: d9fb07be5160b1855908cc3312aa5072
    pets.name: 750e92a6a691645ba02c20d6620583e0
    pets.description: b3184d3f5097e8161269094c934c72e3
    charity.name: de0dc1d39b0c11111a6133b76a562a3c
    charity.description: 0e8e473644a5bf6ed43bed599e7f7571
    personal-care.name: f390f31410b47c54cc4c467b9eaca3d3
    personal-care.description: 155b3a2d856b07ad2cdcbb2ae821a64b
    holidays-travel.name: fda52e7ebbd25d04787bd68fcd41b938
    holidays-travel.description: 803d40a473921b05ad63823a45cd1bc0
    debt-payments.name: 7a1e9e7a2ce3b4257c788c5ddd51c4b6
    debt-payments.description: 655f0a56159c3df724f534731fcc1e16
    savings.name: ab0da0e987457927aebb5111d5d32c12
    savings.description: 9298f9bee5cc99efa7121f06fc25b253
    transfer.name: 6950810f0d2bba97a6f710c7b965b84e
    transfer.description: d1b518ba9eda86493e6f298e9ba5414d
    other.name: 6311ae17c1ee52b36e68aaf4ad066387
    other.description: 26681cdb423fb1f8b16e2558002946f0
