version: 1
files:
  lang/en/auth.php:
    failed: d880df04c6d3ab5f26a69b79cd64bf27
    password: 83d93c6b4a7c42d57024165a4fd7a3c6
    throttle: 8f6591625beb10262db1d232fafece03
    actions.dont_have_account: a5f61298da21626d0f490ebd06ecd811
    actions.register: 0ba7583639a274c434bbe6ef797115a4
    actions.already_have_account: 21bdc5689c12595ae14298354d5550d5
    actions.login: 99dea78007133396a7b8ed70578ac6ae
    actions.changed_mind: 37a57e95ccd768633cb76f90e652b5b9
  lang/en/common.php:
    monthly: 9030e39f00132d583da4122532e509e9
    yearly: cf5ea7953dc47105e0eb179dbefaaf46
    cancel: ea4788705e6873b424c65e91c2846b19
    apply: 9639e32cab248434a17ab32237cb3b71
    or: e81c4e4f2b7b93b481e13a8553c2ae1b
  lang/en/home.php:
    sections.hero.title: 851e524ab6702d2603c94c5103e99439
    sections.hero.description: 5e7be62ffc7a261f2211dd534e41406d
    sections.hero.contact_us: 02d4482d332e1aef3437cd61c9bcc624
    sections.hero.get_started: 54f742623dc735530ef5c2d581f34130
    sections.image_and_text.title: 6b20f214468640bf73f6642a0456ff3e
    sections.image_and_text.steps.1.title: 38ed9750831df42c33908d73a4d2abed
    sections.image_and_text.steps.1.description: e40fb25c6257c47e2fea4320dd0dd9fe
    sections.image_and_text.steps.2.title: 011ab05be31d63842ad3e33d9c2d1ce6
    sections.image_and_text.steps.2.description: fdbecce06c8bfee62ca58003c12f93aa
    sections.image_and_text.steps.3.title: 101be6437959fe6a46c8c3f668c2f661
    sections.image_and_text.steps.3.description: cc38ffdef9bfbaa13d532f4ea3ee91a9
    sections.image_and_text.steps.4.title: 6333ad11ffc081c9955147ba23b4fc04
    sections.image_and_text.steps.4.description: d9e8d6bbeb5fb7b2b55f60dd260bedc9
    sections.image_and_text.steps.5.title: dd84fbf566345dd8b78d99fde0c88ba2
    sections.image_and_text.steps.5.description: 8591ec01a27142379852b3deda2a55c1
    sections.image_and_text.balance_step.title: e0cb6250f3eb65bd45a034bc505123ef
    sections.image_and_text.balance_step.description: 428e46527eea7403cf4881af17f59c9a
    sections.feature.title: 5206c98dce3adec93a8f0eed55afb201
    sections.feature.description: 313fb1a1893907b3a4c9823b6ecc1641
    sections.pricing.title: 185877b46bf79849e937de72ef2d1c9a
    sections.pricing.description: 5a880150604f1e2a804f780200f79785
    sections.pricing.coming_soon: 713cbd93b2ba47b4561b53a841624b51
    sections.pricing.plans.free.title: b24ce0cd392a5b0b8dedc66c25213594
    sections.pricing.plans.free.description: de6b11f3c495e01af66ad72818f8ee68
    sections.pricing.plans.free.features: 1ab7e3999f43a8ff2f88e2dd6b1436f2
    sections.pricing.plans.free.coming_soon: 7215ee9c7d9dc229d2921a40e899ec5f
    sections.pricing.plans.free.button_label: 54f742623dc735530ef5c2d581f34130
    sections.pricing.plans.analyst.title: 66e64a1b4ca1259a31ebc747770c446d
    sections.pricing.plans.analyst.description: 54f4e96d43097bbdfb4189522175315e
    sections.pricing.plans.analyst.features: 1772a6857c0272a2bed82da29236d8cc
    sections.pricing.plans.analyst.coming_soon: 11830a4c0af5c9f60792b7307951e599
    sections.pricing.plans.analyst.button_label: dfa592421ec2584a960f077610eb19bd
    sections.pricing.plans.lifetime.title: 1a10be3692cec335c74387f33221a6fa
    sections.pricing.plans.lifetime.description: 231310d537335eaa2862015d5ae3119d
    sections.pricing.plans.lifetime.features: ba0d964f096a2b4a8b7373540735d76d
    sections.pricing.plans.lifetime.coming_soon: 7215ee9c7d9dc229d2921a40e899ec5f
    sections.pricing.plans.lifetime.button_label: 8a4a8a2660620fd6c1b7b5a85bfbca34
    sections.call_to_action.title: 3744153c0f7a426bb0d9326a5c03684f
    sections.call_to_action.description: f09cfc77cd870d6cf44702a192ee48de
    sections.call_to_action.button_label: 256b3a00717defddea38d6c92c9af9d2
  lang/en/pagination.php:
    previous: 8bd433e5954b8223fb89dd22fe327696
    next: f7d387020520aa6845529615215c7217
  lang/en/passwords.php:
    reset: 38dca74635b7fd02e312b874b86e8bad
    sent: 88919c9de7d0b01b27cb2f7e448f8fd8
    throttled: f0f1861492fd2bb78ff86e6970ca187a
    token: 8f7c88e641452fd64d4160cf84877453
    user: 8a0d3fea7568491858a94dfaf7a5a887
    incorrect: 5d6a78f37b0d4828209cd7f986e789b7
  lang/en/validation.php:
    accepted: fb2c462a18dcfec11f838cd00143e4e7
    accepted_if: 3d2961dbc89b62f75a61cc8cf7720635
    active_url: 104f5e00091c4d47b832fc1a09a53304
    after: 8925c9795b7e7fdbf628098455b49182
    after_or_equal: 95f1f5e703dcc3cc4f32e367762a4eaa
    alpha: d9624da16b2c00fc369e20f08eead53d
    alpha_dash: 95d79b3aec3677c27a79a47239ee0cc7
    alpha_num: 4cd9669b5ec0ec837e801dc5f010de32
    array: 467f75ee7a9ceb932ae5820cf4da730d
    ascii: 1f772b8184e143239672f36aabb96803
    before: f06096e8869b123903312458b1761222
    before_or_equal: b1332a0592b5d9d7be1ae54b1436bc4e
    between.array: 2a7138f4ca1140c76cbaef4247e7e2fb
    between.file: 62a0fa5f04926db51fa2fc86e67862e1
    between.numeric: 06d17c99ecf9bd20b0a17adcf20f2080
    between.string: 20f86324abc678ac8c4045450a61e200
    boolean: a374a5eab9e9dc4a76eb54afff825e2d
    can: f0becfd45a5a95bba9bf09efdcf55d52
    confirmed: 8daac9a18b7626662bedab4395e1fd2b
    contains: cad51a08cf01b923f7ffd0ae95fedbf5
    current_password: 5d6a78f37b0d4828209cd7f986e789b7
    date: a25fa8527d2bb6f4092bd41ff50381fd
    date_equals: 5bbbc8bfb21c7741b77b684ae42c760f
    date_format: 4096d54a8741e472b6b054d4010f1a7a
    decimal: d723c11c4f58d20a16f7c1eb90dff574
    declined: 73018147a6ee47277b4a3a75419f27c2
    declined_if: 74d8dece2d368a202a1b04dbbacc9b5d
    different: e0c8694d6e30e6703bfeaf6494ffc370
    digits: cd90db784515a8d0309292c86b2fe7ce
    digits_between: 836206896f3635c2313a5307a89f4a59
    dimensions: aa4267939ca804bed0ed6fd4d2542b1c
    distinct: ce7e3afca33181ecb71ae37e75bb9985
    doesnt_end_with: 3285b1e43ad96b170a70a1abc664e35f
    doesnt_start_with: 8b0a90b76578081b552067bb87fd62ee
    email: e55e7d22c619c61af844dc921b1a1096
    ends_with: 40f58bf9eb332c5bf47e97bce867c1f4
    enum: c63e30e53345ee86c0d83cda1a318f47
    exists: c63e30e53345ee86c0d83cda1a318f47
    extensions: 444b0a848eeabfe1ee52209f5472a357
    file: 7de5fd57eb60bf28b0457d7e5ccc013a
    filled: bb31cfb7d7779a5e718be3f80990d4c0
    gt.array: 96a09c515ae54636ac63864e46d82bea
    gt.file: a6334d695a5937d8429b6e00698c37ce
    gt.numeric: 0eafa6e8da9cfcb0526f08c1f0eac1eb
    gt.string: e44a24c65e552e1c977de41a3408e082
    gte.array: 153f369ba15b30c2e0cc210e0d235626
    gte.file: 31732bf7f50f0cc79d1488c80816ef33
    gte.numeric: 429029e413103f54d6810ec3ff077068
    gte.string: b07b0886c050c7eb61868e290eb81a70
    hex_color: cb01126c1649081ba41128d973d9717b
    image: 07e7639bd65b21001860032940029b58
    in: c63e30e53345ee86c0d83cda1a318f47
    in_array: 256a0f32994ed17b215541a848a7d9eb
    integer: 346ccba042dfae6203f236e576d9f3e4
    ip: 7f48adff918c79bae69889879db369b9
    ipv4: c3fd38e75e118570600c03317d810d79
    ipv6: a0e62392ed66592a1864046b21bf2492
    json: b62e0e0d62df566743e0a706562d4784
    list: e74aad05eb3edc77db1d25c8f76c192f
    lowercase: 031b8f15df783f77e84a2389b0891a40
    lt.array: 7e6b6847d3798ed40cf785384b86ed14
    lt.file: 345f5a98a21f206aeccce12cf2f112ab
    lt.numeric: f2649858c1eee24870a8609655c92dfe
    lt.string: fb97b38c8fb94fe36cb6289f04f49df8
    lte.array: 4d67d2d8abc9ce34d3c8706651fc5c9c
    lte.file: d6b50da3e5d7ad7315ee42e834c8661c
    lte.numeric: 0c560e8d6a348c7dcc69318eed8ce034
    lte.string: d69996e235e5cd4f2d630edc1c80ceaf
    mac_address: 675612f2eb83097dcfde22d1b113d09c
    max.array: 9890fa3d28284df05c6f2adade9dc1e2
    max.file: 69f9d9eb1ccc8254f230a6c585ea3d27
    max.numeric: 846b5ce212402a43b61d8041e185a95e
    max.string: e1f7d5251e964c09897a0cbbc76d0c8a
    max_digits: df9e0ba845b2a20b192d7418eb00ccfa
    mimes: 3ea28141efaf53aa37ee40f69b4499ec
    mimetypes: 3ea28141efaf53aa37ee40f69b4499ec
    min.array: b585bc3c18c32cb20c4ccf9eb54aed47
    min.file: 6f559c8d682f4b57ed312fc57dc938e4
    min.numeric: 44688c1381ed450516c457b751893561
    min.string: 63100a8d6993c375f7eb9c558aadb058
    min_digits: 85333d661b32dff521d2a0d574595822
    missing: 4cf08ffbd0638464b463400325bc4b88
    missing_if: db4ef08fbc715c6f803cd5ce10580555
    missing_unless: 4df9d99120ccf94d7f9313695b26216f
    missing_with: c682d88406e64b3216e67103812e53b8
    missing_with_all: 23583b5feb01c84c81a7e0d5d461f1f5
    multiple_of: e298b3a3068ddf217f05fb190f180edc
    not_in: c63e30e53345ee86c0d83cda1a318f47
    not_regex: 110edba0bf0550540ca8ba5cd806da06
    numeric: 87f6e0d74130ea1e5825b5bdb2d6249a
    password.letters: ec3278a855ed2f4580ccc73a1fe18119
    password.mixed: 83ef3cd35f08e9cbcbf8dff66422569f
    password.numbers: af0492b047471de662e83441d125b76a
    password.symbols: 60ae1f79c533f243a1e4075f50845f94
    password.uncompromised: 6efa6d91ba851258d26974d23517328b
    present: a6f4daaf5bd194f501df5426bb9478ba
    present_if: 62ec03ef3e70204a9af6c03f25616e62
    present_unless: 68017e07a2be0fe1ae609fd8794c5804
    present_with: abc226cd947d398cbbf8dff65d494f9f
    present_with_all: 89d500e286dd4226802798294617fb84
    prohibited: 5fba5440f793a7f81108d469877a99d2
    prohibited_if: 2d15bcd2cca4986507da68d8f8b36e5a
    prohibited_unless: b40cc752c52e654953f7df0bbe859a28
    prohibits: 0b326f2e1553851aee9fc72c86f8fec3
    regex: 110edba0bf0550540ca8ba5cd806da06
    required: 04445e2148a0e1fc14036620ba3b3318
    required_array_keys: ba4d9b24e144f0a4f66deeac307a8353
    required_if: 938b83fe11b8b3afa4b8279f231931b5
    required_if_accepted: b6645c37e627b811a0aa6ae74a74c693
    required_if_declined: de9bf28a11d59e7f557399f9da9440b7
    required_unless: 4f709696b2dcd2042fb56e362e4a6ad0
    required_with: 168aaf78c2ccb57e9d8ee3b414a4fa7b
    required_with_all: d97fa1f51a16c225156d79b66aab7dab
    required_without: ccb048d72da61ca861b7d383c8f170da
    required_without_all: f3d91168e41d394b2a7f77f1154bbede
    same: e3b69ac3524075231891149dbf66d7b5
    size.array: f37ae16ce7b3143e70df1a210a23062c
    size.file: bd98c7ee8517e6533c9c8c0b94da8f77
    size.numeric: 49a212a6f46d6477e723451e86f1d1b2
    size.string: bbbac76487d99e4cdb183911b7e0166c
    starts_with: 25fef0117f2f067bdab2d9b2f68896fb
    string: 7451015e123fdfa0949e2c3f112cca09
    timezone: 528dc5e9e7e221267b0a05c11f5ed5d7
    unique: 1c3a15a5b2a773616c792a0c55af6225
    uploaded: a7751139ced3c8472e39bd7df44f432b
    uppercase: 0a784860d41621d0b7f7f81e07029f91
    url: 104f5e00091c4d47b832fc1a09a53304
    ulid: 4c5b540775afdce1cbdee2102bc7d28c
    uuid: f5d1315f71c752ab44012304bcf016da
    custom.attribute-name.rule-name: 188d89635249211d1f16c358852d3b2f
  lang/en/login.php:
    title: 15cb3b43610751d8b2e241abfba63e10
    description: 5d83c2159bcd9be5a3af1df2eec0d221
    forgot_password.label: 01a569ddc6cf67ddec2a683f0a5f5956
    submit.label: bffe9a3c9a7e00ba00a11749e022d911
  lang/en/form.php:
    fields.email.label: ce8ae9da5b7cd6c3df2929543a9af92d
    fields.email.placeholder: 8fb55f02608a8562905dc0f87d2c5977
    fields.password.label: e8d28194f9b3498d21fbda21321d0226
    fields.password.placeholder: ef0bd6c0bc2891fc919ec090ac1770a7
    fields.remember.label: 878530871f0db73f004f5bd6591eeb76
    fields.name.label: 49ee3087348e8d44e1feda1917443987
    fields.name.placeholder: d29d6b1a47d1fec49ae2228edd28eaa6
    fields.new_password.label: 3544848f820b9d94a3f3871a382cf138
    fields.new_password.placeholder: 43a5dac9a2a84d2f02d3445c524f9d2c
    fields.new_password.hint: 10142a34184b526b68fd897d381fae40
    fields.confirm_password.label: 4c231e0da3eaaa6a9752174f7f9cfb31
    fields.confirm_password.placeholder: 65f13145802f7e6f8f02c1d7d3afc32d
    fields.initial_balance.label: 3952bc855a33594bd0371fa31580e0ef
    fields.initial_balance.placeholder: 4571457f2443b28ab9d2cea5c0d4bdf4
    fields.available_balance.label: 16ad069644e4d2beb3a554007a0ebf7d
    fields.available_balance.placeholder: 4571457f2443b28ab9d2cea5c0d4bdf4
    fields.minimum_payment.label: f7b2f13820aabb7248ce58177b279305
    fields.minimum_payment.placeholder: 4571457f2443b28ab9d2cea5c0d4bdf4
    fields.apr.label: 400b07623925470b21ca55c3ce9913f4
    fields.apr.placeholder: d3d9446802a44259755d38e6d163e820
    fields.expires_at.label: 8d7f12bd0dc53389421144669ff4ee63
    fields.expires_at.placeholder: 64de260a0ad2c3d96dece47bb581b78e
    fields.interest_rate.label: 7dfa44aee8e21e5967e2fde5a6b0cfa8
    fields.interest_rate.placeholder: 4571457f2443b28ab9d2cea5c0d4bdf4
    fields.interest_rate_type.label: c4f728963b6642da147d9753843ba035
    fields.interest_rate_type.placeholder: 131e62456d58b26683580f4f2ac12c93
    fields.term_months.label: a92ac988e36fc291cfc32fbf6243583f
    fields.term_months.placeholder: 642e92efb79421734881b53e1e1b18b6
  lang/en/socialstream.php:
    continue_with: 97917fc183d9fe574ce5e9351ec9c532
  lang/en/register.php:
    title: fe1f636b83baeffd7a2ec09518a81ab8
    description: 79b83b887cf853e4472ace22583bdec4
    terms.label: dc8c1fcec1db1601b26ff97ce09642a9
    terms.link.label: 3b6c2b4caaf4f14f8d7feeddc4ac3f4d
    terms.and: c19f6440f9045503d42ee3622933e005
    terms.link2.label: fa2ead697d9998cbc65c81384e6533d5
    actions.submit.label: be11c74c1dd7f307bb80183a90dc2067
